
Microsoft Visual Studio Solution File, Format Version 12.00
# Visual Studio Version 16
VisualStudioVersion = 16.0.33328.57
MinimumVisualStudioVersion = 10.0.40219.1
Project("{FAE04EC0-301F-11D3-BF4B-00C04F79EFBC}") = "Credinissan.Affinity.Web", "Credinissan.Affinity.Web\Credinissan.Affinity.Web.csproj", "{AEEA9C44-01E9-411F-B09B-9E87B068957B}"
EndProject
Global
	GlobalSection(SolutionConfigurationPlatforms) = preSolution
		Debug|Any CPU = Debug|Any CPU
		Release|Any CPU = Release|Any CPU
	EndGlobalSection
	GlobalSection(ProjectConfigurationPlatforms) = postSolution
		{AEEA9C44-01E9-411F-B09B-9E87B068957B}.Debug|Any CPU.ActiveCfg = Debug|Any CPU
		{AEEA9C44-01E9-411F-B09B-9E87B068957B}.Debug|Any CPU.Build.0 = Debug|Any CPU
		{AEEA9C44-01E9-411F-B09B-9E87B068957B}.Release|Any CPU.ActiveCfg = Release|Any CPU
		{AEEA9C44-01E9-411F-B09B-9E87B068957B}.Release|Any CPU.Build.0 = Release|Any CPU
	EndGlobalSection
	GlobalSection(SolutionProperties) = preSolution
		HideSolutionNode = FALSE
	EndGlobalSection
	GlobalSection(ExtensibilityGlobals) = postSolution
		SolutionGuid = {1BB5F606-9C8F-4E92-BA3E-2D5A8C18DCFA}
	EndGlobalSection
EndGlobal
